// !$*UTF8*$!
{
	archiveVersion = 1;
	classes = {
	};
	objectVersion = 50;
	objects = {

/* Begin PBXBuildFile section */
		74878E2246C9BE0AAD0E4B26 /* Pods_WriteReviewOnGoogleTests.framework in Frameworks */ = {isa = PBXBuildFile; fileRef = 7DEEEA7F2FDE4247B69C0F6A /* Pods_WriteReviewOnGoogleTests.framework */; };
		BD735C70FAFB9247D1F1DAFA /* Pods_WriteReviewOnGoogleUITests.framework in Frameworks */ = {isa = PBXBuildFile; fileRef = 005209680A595AE639EF1476 /* Pods_WriteReviewOnGoogleUITests.framework */; };
		F70A76CA9EEE249D022305F4 /* Pods_WriteReviewOnGoogle.framework in Frameworks */ = {isa = PBXBuildFile; fileRef = AEF11FD92E9811FB4926DB39 /* Pods_WriteReviewOnGoogle.framework */; };
		FF7467E72230FAB000F808C1 /* AppDelegate.swift in Sources */ = {isa = PBXBuildFile; fileRef = FF7467E62230FAB000F808C1 /* AppDelegate.swift */; };
		FF7467E92230FAB000F808C1 /* ViewController.swift in Sources */ = {isa = PBXBuildFile; fileRef = FF7467E82230FAB000F808C1 /* ViewController.swift */; };
		FF7467EC2230FAB000F808C1 /* Main.storyboard in Resources */ = {isa = PBXBuildFile; fileRef = FF7467EA2230FAB000F808C1 /* Main.storyboard */; };
		FF7467EF2230FAB000F808C1 /* WriteReviewOnGoogle.xcdatamodeld in Sources */ = {isa = PBXBuildFile; fileRef = FF7467ED2230FAB000F808C1 /* WriteReviewOnGoogle.xcdatamodeld */; };
		FF7467F12230FAB100F808C1 /* Assets.xcassets in Resources */ = {isa = PBXBuildFile; fileRef = FF7467F02230FAB100F808C1 /* Assets.xcassets */; };
		FF7467F42230FAB100F808C1 /* LaunchScreen.storyboard in Resources */ = {isa = PBXBuildFile; fileRef = FF7467F22230FAB100F808C1 /* LaunchScreen.storyboard */; };
		FF7467FF2230FAB100F808C1 /* WriteReviewOnGoogleTests.swift in Sources */ = {isa = PBXBuildFile; fileRef = FF7467FE2230FAB100F808C1 /* WriteReviewOnGoogleTests.swift */; };
		FF74680A2230FAB100F808C1 /* WriteReviewOnGoogleUITests.swift in Sources */ = {isa = PBXBuildFile; fileRef = FF7468092230FAB100F808C1 /* WriteReviewOnGoogleUITests.swift */; };
		FF74681822310D1600F808C1 /* FirstVC.swift in Sources */ = {isa = PBXBuildFile; fileRef = FF74681722310D1600F808C1 /* FirstVC.swift */; };
/* End PBXBuildFile section */

/* Begin PBXContainerItemProxy section */
		FF7467FB2230FAB100F808C1 /* PBXContainerItemProxy */ = {
			isa = PBXContainerItemProxy;
			containerPortal = FF7467DB2230FAAF00F808C1 /* Project object */;
			proxyType = 1;
			remoteGlobalIDString = FF7467E22230FAAF00F808C1;
			remoteInfo = WriteReviewOnGoogle;
		};
		FF7468062230FAB100F808C1 /* PBXContainerItemProxy */ = {
			isa = PBXContainerItemProxy;
			containerPortal = FF7467DB2230FAAF00F808C1 /* Project object */;
			proxyType = 1;
			remoteGlobalIDString = FF7467E22230FAAF00F808C1;
			remoteInfo = WriteReviewOnGoogle;
		};
/* End PBXContainerItemProxy section */

/* Begin PBXFileReference section */
		005209680A595AE639EF1476 /* Pods_WriteReviewOnGoogleUITests.framework */ = {isa = PBXFileReference; explicitFileType = wrapper.framework; includeInIndex = 0; path = Pods_WriteReviewOnGoogleUITests.framework; sourceTree = BUILT_PRODUCTS_DIR; };
		06720C55E97388ECA98A56B7 /* Pods-WriteReviewOnGoogle.debug.xcconfig */ = {isa = PBXFileReference; includeInIndex = 1; lastKnownFileType = text.xcconfig; name = "Pods-WriteReviewOnGoogle.debug.xcconfig"; path = "Pods/Target Support Files/Pods-WriteReviewOnGoogle/Pods-WriteReviewOnGoogle.debug.xcconfig"; sourceTree = "<group>"; };
		1F96D5AFB951A3F7DD051C93 /* Pods-WriteReviewOnGoogle.release.xcconfig */ = {isa = PBXFileReference; includeInIndex = 1; lastKnownFileType = text.xcconfig; name = "Pods-WriteReviewOnGoogle.release.xcconfig"; path = "Pods/Target Support Files/Pods-WriteReviewOnGoogle/Pods-WriteReviewOnGoogle.release.xcconfig"; sourceTree = "<group>"; };
		25FCB99F5DEEA5E0D920CA87 /* Pods-WriteReviewOnGoogleTests.debug.xcconfig */ = {isa = PBXFileReference; includeInIndex = 1; lastKnownFileType = text.xcconfig; name = "Pods-WriteReviewOnGoogleTests.debug.xcconfig"; path = "Pods/Target Support Files/Pods-WriteReviewOnGoogleTests/Pods-WriteReviewOnGoogleTests.debug.xcconfig"; sourceTree = "<group>"; };
		766FB88544476AF1B3DC167F /* Pods-WriteReviewOnGoogleTests.release.xcconfig */ = {isa = PBXFileReference; includeInIndex = 1; lastKnownFileType = text.xcconfig; name = "Pods-WriteReviewOnGoogleTests.release.xcconfig"; path = "Pods/Target Support Files/Pods-WriteReviewOnGoogleTests/Pods-WriteReviewOnGoogleTests.release.xcconfig"; sourceTree = "<group>"; };
		7DEEEA7F2FDE4247B69C0F6A /* Pods_WriteReviewOnGoogleTests.framework */ = {isa = PBXFileReference; explicitFileType = wrapper.framework; includeInIndex = 0; path = Pods_WriteReviewOnGoogleTests.framework; sourceTree = BUILT_PRODUCTS_DIR; };
		8811F3623586EC1121BB021E /* Pods-WriteReviewOnGoogleUITests.release.xcconfig */ = {isa = PBXFileReference; includeInIndex = 1; lastKnownFileType = text.xcconfig; name = "Pods-WriteReviewOnGoogleUITests.release.xcconfig"; path = "Pods/Target Support Files/Pods-WriteReviewOnGoogleUITests/Pods-WriteReviewOnGoogleUITests.release.xcconfig"; sourceTree = "<group>"; };
		AEF11FD92E9811FB4926DB39 /* Pods_WriteReviewOnGoogle.framework */ = {isa = PBXFileReference; explicitFileType = wrapper.framework; includeInIndex = 0; path = Pods_WriteReviewOnGoogle.framework; sourceTree = BUILT_PRODUCTS_DIR; };
		C969409F3CE6BBF8A3C71FCC /* Pods-WriteReviewOnGoogleUITests.debug.xcconfig */ = {isa = PBXFileReference; includeInIndex = 1; lastKnownFileType = text.xcconfig; name = "Pods-WriteReviewOnGoogleUITests.debug.xcconfig"; path = "Pods/Target Support Files/Pods-WriteReviewOnGoogleUITests/Pods-WriteReviewOnGoogleUITests.debug.xcconfig"; sourceTree = "<group>"; };
		FF7467E32230FAB000F808C1 /* WriteReviewOnGoogle.app */ = {isa = PBXFileReference; explicitFileType = wrapper.application; includeInIndex = 0; path = WriteReviewOnGoogle.app; sourceTree = BUILT_PRODUCTS_DIR; };
		FF7467E62230FAB000F808C1 /* AppDelegate.swift */ = {isa = PBXFileReference; lastKnownFileType = sourcecode.swift; path = AppDelegate.swift; sourceTree = "<group>"; };
		FF7467E82230FAB000F808C1 /* ViewController.swift */ = {isa = PBXFileReference; lastKnownFileType = sourcecode.swift; path = ViewController.swift; sourceTree = "<group>"; };
		FF7467EB2230FAB000F808C1 /* Base */ = {isa = PBXFileReference; lastKnownFileType = file.storyboard; name = Base; path = Base.lproj/Main.storyboard; sourceTree = "<group>"; };
		FF7467EE2230FAB000F808C1 /* WriteReviewOnGoogle.xcdatamodel */ = {isa = PBXFileReference; lastKnownFileType = wrapper.xcdatamodel; path = WriteReviewOnGoogle.xcdatamodel; sourceTree = "<group>"; };
		FF7467F02230FAB100F808C1 /* Assets.xcassets */ = {isa = PBXFileReference; lastKnownFileType = folder.assetcatalog; path = Assets.xcassets; sourceTree = "<group>"; };
		FF7467F32230FAB100F808C1 /* Base */ = {isa = PBXFileReference; lastKnownFileType = file.storyboard; name = Base; path = Base.lproj/LaunchScreen.storyboard; sourceTree = "<group>"; };
		FF7467F52230FAB100F808C1 /* Info.plist */ = {isa = PBXFileReference; lastKnownFileType = text.plist.xml; path = Info.plist; sourceTree = "<group>"; };
		FF7467FA2230FAB100F808C1 /* WriteReviewOnGoogleTests.xctest */ = {isa = PBXFileReference; explicitFileType = wrapper.cfbundle; includeInIndex = 0; path = WriteReviewOnGoogleTests.xctest; sourceTree = BUILT_PRODUCTS_DIR; };
		FF7467FE2230FAB100F808C1 /* WriteReviewOnGoogleTests.swift */ = {isa = PBXFileReference; lastKnownFileType = sourcecode.swift; path = WriteReviewOnGoogleTests.swift; sourceTree = "<group>"; };
		FF7468002230FAB100F808C1 /* Info.plist */ = {isa = PBXFileReference; lastKnownFileType = text.plist.xml; path = Info.plist; sourceTree = "<group>"; };
		FF7468052230FAB100F808C1 /* WriteReviewOnGoogleUITests.xctest */ = {isa = PBXFileReference; explicitFileType = wrapper.cfbundle; includeInIndex = 0; path = WriteReviewOnGoogleUITests.xctest; sourceTree = BUILT_PRODUCTS_DIR; };
		FF7468092230FAB100F808C1 /* WriteReviewOnGoogleUITests.swift */ = {isa = PBXFileReference; lastKnownFileType = sourcecode.swift; path = WriteReviewOnGoogleUITests.swift; sourceTree = "<group>"; };
		FF74680B2230FAB100F808C1 /* Info.plist */ = {isa = PBXFileReference; lastKnownFileType = text.plist.xml; path = Info.plist; sourceTree = "<group>"; };
		FF74681722310D1600F808C1 /* FirstVC.swift */ = {isa = PBXFileReference; lastKnownFileType = sourcecode.swift; path = FirstVC.swift; sourceTree = "<group>"; };
/* End PBXFileReference section */

/* Begin PBXFrameworksBuildPhase section */
		FF7467E02230FAAF00F808C1 /* Frameworks */ = {
			isa = PBXFrameworksBuildPhase;
			buildActionMask = 2147483647;
			files = (
				F70A76CA9EEE249D022305F4 /* Pods_WriteReviewOnGoogle.framework in Frameworks */,
			);
			runOnlyForDeploymentPostprocessing = 0;
		};
		FF7467F72230FAB100F808C1 /* Frameworks */ = {
			isa = PBXFrameworksBuildPhase;
			buildActionMask = 2147483647;
			files = (
				74878E2246C9BE0AAD0E4B26 /* Pods_WriteReviewOnGoogleTests.framework in Frameworks */,
			);
			runOnlyForDeploymentPostprocessing = 0;
		};
		FF7468022230FAB100F808C1 /* Frameworks */ = {
			isa = PBXFrameworksBuildPhase;
			buildActionMask = 2147483647;
			files = (
				BD735C70FAFB9247D1F1DAFA /* Pods_WriteReviewOnGoogleUITests.framework in Frameworks */,
			);
			runOnlyForDeploymentPostprocessing = 0;
		};
/* End PBXFrameworksBuildPhase section */

/* Begin PBXGroup section */
		72A74AD5AA335156D8980AAA /* Frameworks */ = {
			isa = PBXGroup;
			children = (
				AEF11FD92E9811FB4926DB39 /* Pods_WriteReviewOnGoogle.framework */,
				7DEEEA7F2FDE4247B69C0F6A /* Pods_WriteReviewOnGoogleTests.framework */,
				005209680A595AE639EF1476 /* Pods_WriteReviewOnGoogleUITests.framework */,
			);
			name = Frameworks;
			sourceTree = "<group>";
		};
		8CE862C4DADCFE44C1A8FFBF /* Pods */ = {
			isa = PBXGroup;
			children = (
				06720C55E97388ECA98A56B7 /* Pods-WriteReviewOnGoogle.debug.xcconfig */,
				1F96D5AFB951A3F7DD051C93 /* Pods-WriteReviewOnGoogle.release.xcconfig */,
				25FCB99F5DEEA5E0D920CA87 /* Pods-WriteReviewOnGoogleTests.debug.xcconfig */,
				766FB88544476AF1B3DC167F /* Pods-WriteReviewOnGoogleTests.release.xcconfig */,
				C969409F3CE6BBF8A3C71FCC /* Pods-WriteReviewOnGoogleUITests.debug.xcconfig */,
				8811F3623586EC1121BB021E /* Pods-WriteReviewOnGoogleUITests.release.xcconfig */,
			);
			name = Pods;
			sourceTree = "<group>";
		};
		FF7467DA2230FAAF00F808C1 = {
			isa = PBXGroup;
			children = (
				FF7467E52230FAB000F808C1 /* WriteReviewOnGoogle */,
				FF7467FD2230FAB100F808C1 /* WriteReviewOnGoogleTests */,
				FF7468082230FAB100F808C1 /* WriteReviewOnGoogleUITests */,
				FF7467E42230FAB000F808C1 /* Products */,
				8CE862C4DADCFE44C1A8FFBF /* Pods */,
				72A74AD5AA335156D8980AAA /* Frameworks */,
			);
			sourceTree = "<group>";
		};
		FF7467E42230FAB000F808C1 /* Products */ = {
			isa = PBXGroup;
			children = (
				FF7467E32230FAB000F808C1 /* WriteReviewOnGoogle.app */,
				FF7467FA2230FAB100F808C1 /* WriteReviewOnGoogleTests.xctest */,
				FF7468052230FAB100F808C1 /* WriteReviewOnGoogleUITests.xctest */,
			);
			name = Products;
			sourceTree = "<group>";
		};
		FF7467E52230FAB000F808C1 /* WriteReviewOnGoogle */ = {
			isa = PBXGroup;
			children = (
				FF7467E62230FAB000F808C1 /* AppDelegate.swift */,
				FF74681722310D1600F808C1 /* FirstVC.swift */,
				FF7467E82230FAB000F808C1 /* ViewController.swift */,
				FF7467EA2230FAB000F808C1 /* Main.storyboard */,
				FF7467F02230FAB100F808C1 /* Assets.xcassets */,
				FF7467F22230FAB100F808C1 /* LaunchScreen.storyboard */,
				FF7467F52230FAB100F808C1 /* Info.plist */,
				FF7467ED2230FAB000F808C1 /* WriteReviewOnGoogle.xcdatamodeld */,
			);
			path = WriteReviewOnGoogle;
			sourceTree = "<group>";
		};
		FF7467FD2230FAB100F808C1 /* WriteReviewOnGoogleTests */ = {
			isa = PBXGroup;
			children = (
				FF7467FE2230FAB100F808C1 /* WriteReviewOnGoogleTests.swift */,
				FF7468002230FAB100F808C1 /* Info.plist */,
			);
			path = WriteReviewOnGoogleTests;
			sourceTree = "<group>";
		};
		FF7468082230FAB100F808C1 /* WriteReviewOnGoogleUITests */ = {
			isa = PBXGroup;
			children = (
				FF7468092230FAB100F808C1 /* WriteReviewOnGoogleUITests.swift */,
				FF74680B2230FAB100F808C1 /* Info.plist */,
			);
			path = WriteReviewOnGoogleUITests;
			sourceTree = "<group>";
		};
/* End PBXGroup section */

/* Begin PBXNativeTarget section */
		FF7467E22230FAAF00F808C1 /* WriteReviewOnGoogle */ = {
			isa = PBXNativeTarget;
			buildConfigurationList = FF74680E2230FAB100F808C1 /* Build configuration list for PBXNativeTarget "WriteReviewOnGoogle" */;
			buildPhases = (
				76AAE588CF87D0074601BD51 /* [CP] Check Pods Manifest.lock */,
				FF7467DF2230FAAF00F808C1 /* Sources */,
				FF7467E02230FAAF00F808C1 /* Frameworks */,
				FF7467E12230FAAF00F808C1 /* Resources */,
				03BD32292F72D196E01FB978 /* [CP] Copy Pods Resources */,
			);
			buildRules = (
			);
			dependencies = (
			);
			name = WriteReviewOnGoogle;
			productName = WriteReviewOnGoogle;
			productReference = FF7467E32230FAB000F808C1 /* WriteReviewOnGoogle.app */;
			productType = "com.apple.product-type.application";
		};
		FF7467F92230FAB100F808C1 /* WriteReviewOnGoogleTests */ = {
			isa = PBXNativeTarget;
			buildConfigurationList = FF7468112230FAB100F808C1 /* Build configuration list for PBXNativeTarget "WriteReviewOnGoogleTests" */;
			buildPhases = (
				D05BAF55197253E688EA9063 /* [CP] Check Pods Manifest.lock */,
				FF7467F62230FAB100F808C1 /* Sources */,
				FF7467F72230FAB100F808C1 /* Frameworks */,
				FF7467F82230FAB100F808C1 /* Resources */,
			);
			buildRules = (
			);
			dependencies = (
				FF7467FC2230FAB100F808C1 /* PBXTargetDependency */,
			);
			name = WriteReviewOnGoogleTests;
			productName = WriteReviewOnGoogleTests;
			productReference = FF7467FA2230FAB100F808C1 /* WriteReviewOnGoogleTests.xctest */;
			productType = "com.apple.product-type.bundle.unit-test";
		};
		FF7468042230FAB100F808C1 /* WriteReviewOnGoogleUITests */ = {
			isa = PBXNativeTarget;
			buildConfigurationList = FF7468142230FAB100F808C1 /* Build configuration list for PBXNativeTarget "WriteReviewOnGoogleUITests" */;
			buildPhases = (
				05F9F149D9000F83E3001E7A /* [CP] Check Pods Manifest.lock */,
				FF7468012230FAB100F808C1 /* Sources */,
				FF7468022230FAB100F808C1 /* Frameworks */,
				FF7468032230FAB100F808C1 /* Resources */,
			);
			buildRules = (
			);
			dependencies = (
				FF7468072230FAB100F808C1 /* PBXTargetDependency */,
			);
			name = WriteReviewOnGoogleUITests;
			productName = WriteReviewOnGoogleUITests;
			productReference = FF7468052230FAB100F808C1 /* WriteReviewOnGoogleUITests.xctest */;
			productType = "com.apple.product-type.bundle.ui-testing";
		};
/* End PBXNativeTarget section */

/* Begin PBXProject section */
		FF7467DB2230FAAF00F808C1 /* Project object */ = {
			isa = PBXProject;
			attributes = {
				LastSwiftUpdateCheck = 1010;
				LastUpgradeCheck = 1010;
				ORGANIZATIONNAME = Kondya;
				TargetAttributes = {
					FF7467E22230FAAF00F808C1 = {
						CreatedOnToolsVersion = 10.1;
					};
					FF7467F92230FAB100F808C1 = {
						CreatedOnToolsVersion = 10.1;
						TestTargetID = FF7467E22230FAAF00F808C1;
					};
					FF7468042230FAB100F808C1 = {
						CreatedOnToolsVersion = 10.1;
						TestTargetID = FF7467E22230FAAF00F808C1;
					};
				};
			};
			buildConfigurationList = FF7467DE2230FAAF00F808C1 /* Build configuration list for PBXProject "WriteReviewOnGoogle" */;
			compatibilityVersion = "Xcode 9.3";
			developmentRegion = en;
			hasScannedForEncodings = 0;
			knownRegions = (
				en,
				Base,
			);
			mainGroup = FF7467DA2230FAAF00F808C1;
			productRefGroup = FF7467E42230FAB000F808C1 /* Products */;
			projectDirPath = "";
			projectRoot = "";
			targets = (
				FF7467E22230FAAF00F808C1 /* WriteReviewOnGoogle */,
				FF7467F92230FAB100F808C1 /* WriteReviewOnGoogleTests */,
				FF7468042230FAB100F808C1 /* WriteReviewOnGoogleUITests */,
			);
		};
/* End PBXProject section */

/* Begin PBXResourcesBuildPhase section */
		FF7467E12230FAAF00F808C1 /* Resources */ = {
			isa = PBXResourcesBuildPhase;
			buildActionMask = 2147483647;
			files = (
				FF7467F42230FAB100F808C1 /* LaunchScreen.storyboard in Resources */,
				FF7467F12230FAB100F808C1 /* Assets.xcassets in Resources */,
				FF7467EC2230FAB000F808C1 /* Main.storyboard in Resources */,
			);
			runOnlyForDeploymentPostprocessing = 0;
		};
		FF7467F82230FAB100F808C1 /* Resources */ = {
			isa = PBXResourcesBuildPhase;
			buildActionMask = 2147483647;
			files = (
			);
			runOnlyForDeploymentPostprocessing = 0;
		};
		FF7468032230FAB100F808C1 /* Resources */ = {
			isa = PBXResourcesBuildPhase;
			buildActionMask = 2147483647;
			files = (
			);
			runOnlyForDeploymentPostprocessing = 0;
		};
/* End PBXResourcesBuildPhase section */

/* Begin PBXShellScriptBuildPhase section */
		03BD32292F72D196E01FB978 /* [CP] Copy Pods Resources */ = {
			isa = PBXShellScriptBuildPhase;
			buildActionMask = 2147483647;
			files = (
			);
			inputPaths = (
				"${SRCROOT}/Pods/Target Support Files/Pods-WriteReviewOnGoogle/Pods-WriteReviewOnGoogle-resources.sh",
				"${PODS_ROOT}/GooglePlaces/Frameworks/GooglePlaces.framework/Resources/GooglePlaces.bundle",
			);
			name = "[CP] Copy Pods Resources";
			outputPaths = (
				"${TARGET_BUILD_DIR}/${UNLOCALIZED_RESOURCES_FOLDER_PATH}/GooglePlaces.bundle",
			);
			runOnlyForDeploymentPostprocessing = 0;
			shellPath = /bin/sh;
			shellScript = "\"${SRCROOT}/Pods/Target Support Files/Pods-WriteReviewOnGoogle/Pods-WriteReviewOnGoogle-resources.sh\"\n";
			showEnvVarsInLog = 0;
		};
		05F9F149D9000F83E3001E7A /* [CP] Check Pods Manifest.lock */ = {
			isa = PBXShellScriptBuildPhase;
			buildActionMask = 2147483647;
			files = (
			);
			inputPaths = (
				"${PODS_PODFILE_DIR_PATH}/Podfile.lock",
				"${PODS_ROOT}/Manifest.lock",
			);
			name = "[CP] Check Pods Manifest.lock";
			outputPaths = (
				"$(DERIVED_FILE_DIR)/Pods-WriteReviewOnGoogleUITests-checkManifestLockResult.txt",
			);
			runOnlyForDeploymentPostprocessing = 0;
			shellPath = /bin/sh;
			shellScript = "diff \"${PODS_PODFILE_DIR_PATH}/Podfile.lock\" \"${PODS_ROOT}/Manifest.lock\" > /dev/null\nif [ $? != 0 ] ; then\n    # print error to STDERR\n    echo \"error: The sandbox is not in sync with the Podfile.lock. Run 'pod install' or update your CocoaPods installation.\" >&2\n    exit 1\nfi\n# This output is used by Xcode 'outputs' to avoid re-running this script phase.\necho \"SUCCESS\" > \"${SCRIPT_OUTPUT_FILE_0}\"\n";
			showEnvVarsInLog = 0;
		};
		76AAE588CF87D0074601BD51 /* [CP] Check Pods Manifest.lock */ = {
			isa = PBXShellScriptBuildPhase;
			buildActionMask = 2147483647;
			files = (
			);
			inputPaths = (
				"${PODS_PODFILE_DIR_PATH}/Podfile.lock",
				"${PODS_ROOT}/Manifest.lock",
			);
			name = "[CP] Check Pods Manifest.lock";
			outputPaths = (
				"$(DERIVED_FILE_DIR)/Pods-WriteReviewOnGoogle-checkManifestLockResult.txt",
			);
			runOnlyForDeploymentPostprocessing = 0;
			shellPath = /bin/sh;
			shellScript = "diff \"${PODS_PODFILE_DIR_PATH}/Podfile.lock\" \"${PODS_ROOT}/Manifest.lock\" > /dev/null\nif [ $? != 0 ] ; then\n    # print error to STDERR\n    echo \"error: The sandbox is not in sync with the Podfile.lock. Run 'pod install' or update your CocoaPods installation.\" >&2\n    exit 1\nfi\n# This output is used by Xcode 'outputs' to avoid re-running this script phase.\necho \"SUCCESS\" > \"${SCRIPT_OUTPUT_FILE_0}\"\n";
			showEnvVarsInLog = 0;
		};
		D05BAF55197253E688EA9063 /* [CP] Check Pods Manifest.lock */ = {
			isa = PBXShellScriptBuildPhase;
			buildActionMask = 2147483647;
			files = (
			);
			inputPaths = (
				"${PODS_PODFILE_DIR_PATH}/Podfile.lock",
				"${PODS_ROOT}/Manifest.lock",
			);
			name = "[CP] Check Pods Manifest.lock";
			outputPaths = (
				"$(DERIVED_FILE_DIR)/Pods-WriteReviewOnGoogleTests-checkManifestLockResult.txt",
			);
			runOnlyForDeploymentPostprocessing = 0;
			shellPath = /bin/sh;
			shellScript = "diff \"${PODS_PODFILE_DIR_PATH}/Podfile.lock\" \"${PODS_ROOT}/Manifest.lock\" > /dev/null\nif [ $? != 0 ] ; then\n    # print error to STDERR\n    echo \"error: The sandbox is not in sync with the Podfile.lock. Run 'pod install' or update your CocoaPods installation.\" >&2\n    exit 1\nfi\n# This output is used by Xcode 'outputs' to avoid re-running this script phase.\necho \"SUCCESS\" > \"${SCRIPT_OUTPUT_FILE_0}\"\n";
			showEnvVarsInLog = 0;
		};
/* End PBXShellScriptBuildPhase section */

/* Begin PBXSourcesBuildPhase section */
		FF7467DF2230FAAF00F808C1 /* Sources */ = {
			isa = PBXSourcesBuildPhase;
			buildActionMask = 2147483647;
			files = (
				FF7467E92230FAB000F808C1 /* ViewController.swift in Sources */,
				FF74681822310D1600F808C1 /* FirstVC.swift in Sources */,
				FF7467E72230FAB000F808C1 /* AppDelegate.swift in Sources */,
				FF7467EF2230FAB000F808C1 /* WriteReviewOnGoogle.xcdatamodeld in Sources */,
			);
			runOnlyForDeploymentPostprocessing = 0;
		};
		FF7467F62230FAB100F808C1 /* Sources */ = {
			isa = PBXSourcesBuildPhase;
			buildActionMask = 2147483647;
			files = (
				FF7467FF2230FAB100F808C1 /* WriteReviewOnGoogleTests.swift in Sources */,
			);
			runOnlyForDeploymentPostprocessing = 0;
		};
		FF7468012230FAB100F808C1 /* Sources */ = {
			isa = PBXSourcesBuildPhase;
			buildActionMask = 2147483647;
			files = (
				FF74680A2230FAB100F808C1 /* WriteReviewOnGoogleUITests.swift in Sources */,
			);
			runOnlyForDeploymentPostprocessing = 0;
		};
/* End PBXSourcesBuildPhase section */

/* Begin PBXTargetDependency section */
		FF7467FC2230FAB100F808C1 /* PBXTargetDependency */ = {
			isa = PBXTargetDependency;
			target = FF7467E22230FAAF00F808C1 /* WriteReviewOnGoogle */;
			targetProxy = FF7467FB2230FAB100F808C1 /* PBXContainerItemProxy */;
		};
		FF7468072230FAB100F808C1 /* PBXTargetDependency */ = {
			isa = PBXTargetDependency;
			target = FF7467E22230FAAF00F808C1 /* WriteReviewOnGoogle */;
			targetProxy = FF7468062230FAB100F808C1 /* PBXContainerItemProxy */;
		};
/* End PBXTargetDependency section */

/* Begin PBXVariantGroup section */
		FF7467EA2230FAB000F808C1 /* Main.storyboard */ = {
			isa = PBXVariantGroup;
			children = (
				FF7467EB2230FAB000F808C1 /* Base */,
			);
			name = Main.storyboard;
			sourceTree = "<group>";
		};
		FF7467F22230FAB100F808C1 /* LaunchScreen.storyboard */ = {
			isa = PBXVariantGroup;
			children = (
				FF7467F32230FAB100F808C1 /* Base */,
			);
			name = LaunchScreen.storyboard;
			sourceTree = "<group>";
		};
/* End PBXVariantGroup section */

/* Begin XCBuildConfiguration section */
		FF74680C2230FAB100F808C1 /* Debug */ = {
			isa = XCBuildConfiguration;
			buildSettings = {
				ALWAYS_SEARCH_USER_PATHS = NO;
				CLANG_ANALYZER_NONNULL = YES;
				CLANG_ANALYZER_NUMBER_OBJECT_CONVERSION = YES_AGGRESSIVE;
				CLANG_CXX_LANGUAGE_STANDARD = "gnu++14";
				CLANG_CXX_LIBRARY = "libc++";
				CLANG_ENABLE_MODULES = YES;
				CLANG_ENABLE_OBJC_ARC = YES;
				CLANG_ENABLE_OBJC_WEAK = YES;
				CLANG_WARN_BLOCK_CAPTURE_AUTORELEASING = YES;
				CLANG_WARN_BOOL_CONVERSION = YES;
				CLANG_WARN_COMMA = YES;
				CLANG_WARN_CONSTANT_CONVERSION = YES;
				CLANG_WARN_DEPRECATED_OBJC_IMPLEMENTATIONS = YES;
				CLANG_WARN_DIRECT_OBJC_ISA_USAGE = YES_ERROR;
				CLANG_WARN_DOCUMENTATION_COMMENTS = YES;
				CLANG_WARN_EMPTY_BODY = YES;
				CLANG_WARN_ENUM_CONVERSION = YES;
				CLANG_WARN_INFINITE_RECURSION = YES;
				CLANG_WARN_INT_CONVERSION = YES;
				CLANG_WARN_NON_LITERAL_NULL_CONVERSION = YES;
				CLANG_WARN_OBJC_IMPLICIT_RETAIN_SELF = YES;
				CLANG_WARN_OBJC_LITERAL_CONVERSION = YES;
				CLANG_WARN_OBJC_ROOT_CLASS = YES_ERROR;
				CLANG_WARN_RANGE_LOOP_ANALYSIS = YES;
				CLANG_WARN_STRICT_PROTOTYPES = YES;
				CLANG_WARN_SUSPICIOUS_MOVE = YES;
				CLANG_WARN_UNGUARDED_AVAILABILITY = YES_AGGRESSIVE;
				CLANG_WARN_UNREACHABLE_CODE = YES;
				CLANG_WARN__DUPLICATE_METHOD_MATCH = YES;
				CODE_SIGN_IDENTITY = "iPhone Developer";
				COPY_PHASE_STRIP = NO;
				DEBUG_INFORMATION_FORMAT = dwarf;
				ENABLE_STRICT_OBJC_MSGSEND = YES;
				ENABLE_TESTABILITY = YES;
				GCC_C_LANGUAGE_STANDARD = gnu11;
				GCC_DYNAMIC_NO_PIC = NO;
				GCC_NO_COMMON_BLOCKS = YES;
				GCC_OPTIMIZATION_LEVEL = 0;
				GCC_PREPROCESSOR_DEFINITIONS = (
					"DEBUG=1",
					"$(inherited)",
				);
				GCC_WARN_64_TO_32_BIT_CONVERSION = YES;
				GCC_WARN_ABOUT_RETURN_TYPE = YES_ERROR;
				GCC_WARN_UNDECLARED_SELECTOR = YES;
				GCC_WARN_UNINITIALIZED_AUTOS = YES_AGGRESSIVE;
				GCC_WARN_UNUSED_FUNCTION = YES;
				GCC_WARN_UNUSED_VARIABLE = YES;
				IPHONEOS_DEPLOYMENT_TARGET = 12.1;
				MTL_ENABLE_DEBUG_INFO = INCLUDE_SOURCE;
				MTL_FAST_MATH = YES;
				ONLY_ACTIVE_ARCH = YES;
				SDKROOT = iphoneos;
				SWIFT_ACTIVE_COMPILATION_CONDITIONS = DEBUG;
				SWIFT_OPTIMIZATION_LEVEL = "-Onone";
			};
			name = Debug;
		};
		FF74680D2230FAB100F808C1 /* Release */ = {
			isa = XCBuildConfiguration;
			buildSettings = {
				ALWAYS_SEARCH_USER_PATHS = NO;
				CLANG_ANALYZER_NONNULL = YES;
				CLANG_ANALYZER_NUMBER_OBJECT_CONVERSION = YES_AGGRESSIVE;
				CLANG_CXX_LANGUAGE_STANDARD = "gnu++14";
				CLANG_CXX_LIBRARY = "libc++";
				CLANG_ENABLE_MODULES = YES;
				CLANG_ENABLE_OBJC_ARC = YES;
				CLANG_ENABLE_OBJC_WEAK = YES;
				CLANG_WARN_BLOCK_CAPTURE_AUTORELEASING = YES;
				CLANG_WARN_BOOL_CONVERSION = YES;
				CLANG_WARN_COMMA = YES;
				CLANG_WARN_CONSTANT_CONVERSION = YES;
				CLANG_WARN_DEPRECATED_OBJC_IMPLEMENTATIONS = YES;
				CLANG_WARN_DIRECT_OBJC_ISA_USAGE = YES_ERROR;
				CLANG_WARN_DOCUMENTATION_COMMENTS = YES;
				CLANG_WARN_EMPTY_BODY = YES;
				CLANG_WARN_ENUM_CONVERSION = YES;
				CLANG_WARN_INFINITE_RECURSION = YES;
				CLANG_WARN_INT_CONVERSION = YES;
				CLANG_WARN_NON_LITERAL_NULL_CONVERSION = YES;
				CLANG_WARN_OBJC_IMPLICIT_RETAIN_SELF = YES;
				CLANG_WARN_OBJC_LITERAL_CONVERSION = YES;
				CLANG_WARN_OBJC_ROOT_CLASS = YES_ERROR;
				CLANG_WARN_RANGE_LOOP_ANALYSIS = YES;
				CLANG_WARN_STRICT_PROTOTYPES = YES;
				CLANG_WARN_SUSPICIOUS_MOVE = YES;
				CLANG_WARN_UNGUARDED_AVAILABILITY = YES_AGGRESSIVE;
				CLANG_WARN_UNREACHABLE_CODE = YES;
				CLANG_WARN__DUPLICATE_METHOD_MATCH = YES;
				CODE_SIGN_IDENTITY = "iPhone Developer";
				COPY_PHASE_STRIP = NO;
				DEBUG_INFORMATION_FORMAT = "dwarf-with-dsym";
				ENABLE_NS_ASSERTIONS = NO;
				ENABLE_STRICT_OBJC_MSGSEND = YES;
				GCC_C_LANGUAGE_STANDARD = gnu11;
				GCC_NO_COMMON_BLOCKS = YES;
				GCC_WARN_64_TO_32_BIT_CONVERSION = YES;
				GCC_WARN_ABOUT_RETURN_TYPE = YES_ERROR;
				GCC_WARN_UNDECLARED_SELECTOR = YES;
				GCC_WARN_UNINITIALIZED_AUTOS = YES_AGGRESSIVE;
				GCC_WARN_UNUSED_FUNCTION = YES;
				GCC_WARN_UNUSED_VARIABLE = YES;
				IPHONEOS_DEPLOYMENT_TARGET = 12.1;
				MTL_ENABLE_DEBUG_INFO = NO;
				MTL_FAST_MATH = YES;
				SDKROOT = iphoneos;
				SWIFT_COMPILATION_MODE = wholemodule;
				SWIFT_OPTIMIZATION_LEVEL = "-O";
				VALIDATE_PRODUCT = YES;
			};
			name = Release;
		};
		FF74680F2230FAB100F808C1 /* Debug */ = {
			isa = XCBuildConfiguration;
			baseConfigurationReference = 06720C55E97388ECA98A56B7 /* Pods-WriteReviewOnGoogle.debug.xcconfig */;
			buildSettings = {
				ASSETCATALOG_COMPILER_APPICON_NAME = AppIcon;
				CODE_SIGN_STYLE = Automatic;
				DEVELOPMENT_TEAM = UMUY72KH99;
				INFOPLIST_FILE = WriteReviewOnGoogle/Info.plist;
				LD_RUNPATH_SEARCH_PATHS = (
					"$(inherited)",
					"@executable_path/Frameworks",
				);
				PRODUCT_BUNDLE_IDENTIFIER = com.WriteReviewOnGoogle;
				PRODUCT_NAME = "$(TARGET_NAME)";
				SWIFT_VERSION = 4.2;
				TARGETED_DEVICE_FAMILY = "1,2";
			};
			name = Debug;
		};
		FF7468102230FAB100F808C1 /* Release */ = {
			isa = XCBuildConfiguration;
			baseConfigurationReference = 1F96D5AFB951A3F7DD051C93 /* Pods-WriteReviewOnGoogle.release.xcconfig */;
			buildSettings = {
				ASSETCATALOG_COMPILER_APPICON_NAME = AppIcon;
				CODE_SIGN_STYLE = Automatic;
				DEVELOPMENT_TEAM = UMUY72KH99;
				INFOPLIST_FILE = WriteReviewOnGoogle/Info.plist;
				LD_RUNPATH_SEARCH_PATHS = (
					"$(inherited)",
					"@executable_path/Frameworks",
				);
				PRODUCT_BUNDLE_IDENTIFIER = com.WriteReviewOnGoogle;
				PRODUCT_NAME = "$(TARGET_NAME)";
				SWIFT_VERSION = 4.2;
				TARGETED_DEVICE_FAMILY = "1,2";
			};
			name = Release;
		};
		FF7468122230FAB100F808C1 /* Debug */ = {
			isa = XCBuildConfiguration;
			baseConfigurationReference = 25FCB99F5DEEA5E0D920CA87 /* Pods-WriteReviewOnGoogleTests.debug.xcconfig */;
			buildSettings = {
				ALWAYS_EMBED_SWIFT_STANDARD_LIBRARIES = YES;
				BUNDLE_LOADER = "$(TEST_HOST)";
				CODE_SIGN_STYLE = Automatic;
				DEVELOPMENT_TEAM = UMUY72KH99;
				INFOPLIST_FILE = WriteReviewOnGoogleTests/Info.plist;
				LD_RUNPATH_SEARCH_PATHS = (
					"$(inherited)",
					"@executable_path/Frameworks",
					"@loader_path/Frameworks",
				);
				PRODUCT_BUNDLE_IDENTIFIER = com.WriteReviewOnGoogleTests;
				PRODUCT_NAME = "$(TARGET_NAME)";
				SWIFT_VERSION = 4.2;
				TARGETED_DEVICE_FAMILY = "1,2";
				TEST_HOST = "$(BUILT_PRODUCTS_DIR)/WriteReviewOnGoogle.app/WriteReviewOnGoogle";
			};
			name = Debug;
		};
		FF7468132230FAB100F808C1 /* Release */ = {
			isa = XCBuildConfiguration;
			baseConfigurationReference = 766FB88544476AF1B3DC167F /* Pods-WriteReviewOnGoogleTests.release.xcconfig */;
			buildSettings = {
				ALWAYS_EMBED_SWIFT_STANDARD_LIBRARIES = YES;
				BUNDLE_LOADER = "$(TEST_HOST)";
				CODE_SIGN_STYLE = Automatic;
				DEVELOPMENT_TEAM = UMUY72KH99;
				INFOPLIST_FILE = WriteReviewOnGoogleTests/Info.plist;
				LD_RUNPATH_SEARCH_PATHS = (
					"$(inherited)",
					"@executable_path/Frameworks",
					"@loader_path/Frameworks",
				);
				PRODUCT_BUNDLE_IDENTIFIER = com.WriteReviewOnGoogleTests;
				PRODUCT_NAME = "$(TARGET_NAME)";
				SWIFT_VERSION = 4.2;
				TARGETED_DEVICE_FAMILY = "1,2";
				TEST_HOST = "$(BUILT_PRODUCTS_DIR)/WriteReviewOnGoogle.app/WriteReviewOnGoogle";
			};
			name = Release;
		};
		FF7468152230FAB100F808C1 /* Debug */ = {
			isa = XCBuildConfiguration;
			baseConfigurationReference = C969409F3CE6BBF8A3C71FCC /* Pods-WriteReviewOnGoogleUITests.debug.xcconfig */;
			buildSettings = {
				ALWAYS_EMBED_SWIFT_STANDARD_LIBRARIES = YES;
				CODE_SIGN_STYLE = Automatic;
				DEVELOPMENT_TEAM = UMUY72KH99;
				INFOPLIST_FILE = WriteReviewOnGoogleUITests/Info.plist;
				LD_RUNPATH_SEARCH_PATHS = (
					"$(inherited)",
					"@executable_path/Frameworks",
					"@loader_path/Frameworks",
				);
				PRODUCT_BUNDLE_IDENTIFIER = com.WriteReviewOnGoogleUITests;
				PRODUCT_NAME = "$(TARGET_NAME)";
				SWIFT_VERSION = 4.2;
				TARGETED_DEVICE_FAMILY = "1,2";
				TEST_TARGET_NAME = WriteReviewOnGoogle;
			};
			name = Debug;
		};
		FF7468162230FAB100F808C1 /* Release */ = {
			isa = XCBuildConfiguration;
			baseConfigurationReference = 8811F3623586EC1121BB021E /* Pods-WriteReviewOnGoogleUITests.release.xcconfig */;
			buildSettings = {
				ALWAYS_EMBED_SWIFT_STANDARD_LIBRARIES = YES;
				CODE_SIGN_STYLE = Automatic;
				DEVELOPMENT_TEAM = UMUY72KH99;
				INFOPLIST_FILE = WriteReviewOnGoogleUITests/Info.plist;
				LD_RUNPATH_SEARCH_PATHS = (
					"$(inherited)",
					"@executable_path/Frameworks",
					"@loader_path/Frameworks",
				);
				PRODUCT_BUNDLE_IDENTIFIER = com.WriteReviewOnGoogleUITests;
				PRODUCT_NAME = "$(TARGET_NAME)";
				SWIFT_VERSION = 4.2;
				TARGETED_DEVICE_FAMILY = "1,2";
				TEST_TARGET_NAME = WriteReviewOnGoogle;
			};
			name = Release;
		};
/* End XCBuildConfiguration section */

/* Begin XCConfigurationList section */
		FF7467DE2230FAAF00F808C1 /* Build configuration list for PBXProject "WriteReviewOnGoogle" */ = {
			isa = XCConfigurationList;
			buildConfigurations = (
				FF74680C2230FAB100F808C1 /* Debug */,
				FF74680D2230FAB100F808C1 /* Release */,
			);
			defaultConfigurationIsVisible = 0;
			defaultConfigurationName = Release;
		};
		FF74680E2230FAB100F808C1 /* Build configuration list for PBXNativeTarget "WriteReviewOnGoogle" */ = {
			isa = XCConfigurationList;
			buildConfigurations = (
				FF74680F2230FAB100F808C1 /* Debug */,
				FF7468102230FAB100F808C1 /* Release */,
			);
			defaultConfigurationIsVisible = 0;
			defaultConfigurationName = Release;
		};
		FF7468112230FAB100F808C1 /* Build configuration list for PBXNativeTarget "WriteReviewOnGoogleTests" */ = {
			isa = XCConfigurationList;
			buildConfigurations = (
				FF7468122230FAB100F808C1 /* Debug */,
				FF7468132230FAB100F808C1 /* Release */,
			);
			defaultConfigurationIsVisible = 0;
			defaultConfigurationName = Release;
		};
		FF7468142230FAB100F808C1 /* Build configuration list for PBXNativeTarget "WriteReviewOnGoogleUITests" */ = {
			isa = XCConfigurationList;
			buildConfigurations = (
				FF7468152230FAB100F808C1 /* Debug */,
				FF7468162230FAB100F808C1 /* Release */,
			);
			defaultConfigurationIsVisible = 0;
			defaultConfigurationName = Release;
		};
/* End XCConfigurationList section */

/* Begin XCVersionGroup section */
		FF7467ED2230FAB000F808C1 /* WriteReviewOnGoogle.xcdatamodeld */ = {
			isa = XCVersionGroup;
			children = (
				FF7467EE2230FAB000F808C1 /* WriteReviewOnGoogle.xcdatamodel */,
			);
			currentVersion = FF7467EE2230FAB000F808C1 /* WriteReviewOnGoogle.xcdatamodel */;
			path = WriteReviewOnGoogle.xcdatamodeld;
			sourceTree = "<group>";
			versionGroupType = wrapper.xcdatamodel;
		};
/* End XCVersionGroup section */
	};
	rootObject = FF7467DB2230FAAF00F808C1 /* Project object */;
}
